<?xml version="1.0" encoding="utf-8"?>
<Project ToolsVersion="4.0" xmlns="http://schemas.microsoft.com/developer/msbuild/2003">
  <ItemGroup>
    <Filter Include="源文件">
      <UniqueIdentifier>{4FC737F1-C7A5-4376-A066-2A32D752A2FF}</UniqueIdentifier>
      <Extensions>cpp;c;cc;cxx;c++;cppm;ixx;def;odl;idl;hpj;bat;asm;asmx</Extensions>
    </Filter>
    <Filter Include="头文件">
      <UniqueIdentifier>{93995380-89BD-4b04-88EB-625FBE52EBFB}</UniqueIdentifier>
      <Extensions>h;hh;hpp;hxx;h++;hm;inl;inc;ipp;xsd</Extensions>
    </Filter>
    <Filter Include="资源文件">
      <UniqueIdentifier>{67DA6AB6-F800-4c08-8B7A-83BB121AAD01}</UniqueIdentifier>
      <Extensions>rc;ico;cur;bmp;dlg;rc2;rct;bin;rgs;gif;jpg;jpeg;jpe;resx;tiff;tif;png;wav;mfcribbon-ms</Extensions>
    </Filter>
    <Filter Include="资源文件\shader">
      <UniqueIdentifier>{77951021-f105-4e02-b794-72996f6de53c}</UniqueIdentifier>
    </Filter>
    <Filter Include="头文件\core">
      <UniqueIdentifier>{ceafbe3e-2e78-481e-bcd6-c52dea2c6e5d}</UniqueIdentifier>
    </Filter>
    <Filter Include="源文件\thirdParty">
      <UniqueIdentifier>{590e9712-1021-463f-b7b0-1542d64125c5}</UniqueIdentifier>
    </Filter>
    <Filter Include="源文件\thirdParty\imgui">
      <UniqueIdentifier>{96367e2b-4c89-4789-8869-bd665580e612}</UniqueIdentifier>
    </Filter>
    <Filter Include="源文件\thirdParty\glad">
      <UniqueIdentifier>{8e0fb7d3-49db-468c-87d7-87465faa7052}</UniqueIdentifier>
    </Filter>
  </ItemGroup>
  <ItemGroup>
    <ClCompile Include="src\main.cpp">
      <Filter>源文件</Filter>
    </ClCompile>
    <ClCompile Include="include\imgui\imgui_tables.cpp">
      <Filter>源文件\thirdParty\imgui</Filter>
    </ClCompile>
    <ClCompile Include="include\imgui\imgui_widgets.cpp">
      <Filter>源文件\thirdParty\imgui</Filter>
    </ClCompile>
    <ClCompile Include="include\imgui\imgui.cpp">
      <Filter>源文件\thirdParty\imgui</Filter>
    </ClCompile>
    <ClCompile Include="include\imgui\imgui_demo.cpp">
      <Filter>源文件\thirdParty\imgui</Filter>
    </ClCompile>
    <ClCompile Include="include\imgui\imgui_draw.cpp">
      <Filter>源文件\thirdParty\imgui</Filter>
    </ClCompile>
    <ClCompile Include="include\imgui\imgui_impl_glfw.cpp">
      <Filter>源文件\thirdParty\imgui</Filter>
    </ClCompile>
    <ClCompile Include="include\imgui\imgui_impl_opengl3.cpp">
      <Filter>源文件\thirdParty\imgui</Filter>
    </ClCompile>
    <ClCompile Include="src\thirdParty\glad.c">
      <Filter>源文件\thirdParty\glad</Filter>
    </ClCompile>
    <ClCompile Include="include\imgui\ImGuiFileDialog.cpp">
      <Filter>源文件\thirdParty\imgui</Filter>
    </ClCompile>
  </ItemGroup>
  <ItemGroup>
    <ClInclude Include="include\imgui\imgui_internal.h">
      <Filter>源文件\thirdParty\imgui</Filter>
    </ClInclude>
    <ClInclude Include="include\imgui\imconfig.h">
      <Filter>源文件\thirdParty\imgui</Filter>
    </ClInclude>
    <ClInclude Include="include\imgui\imgui.h">
      <Filter>源文件\thirdParty\imgui</Filter>
    </ClInclude>
    <ClInclude Include="include\imgui\imgui_impl_glfw.h">
      <Filter>源文件\thirdParty\imgui</Filter>
    </ClInclude>
    <ClInclude Include="include\imgui\imgui_impl_opengl3.h">
      <Filter>源文件\thirdParty\imgui</Filter>
    </ClInclude>
    <ClInclude Include="include\imgui\imgui_impl_opengl3_loader.h">
      <Filter>源文件\thirdParty\imgui</Filter>
    </ClInclude>
    <ClInclude Include="src\core\renderSystem.hpp">
      <Filter>头文件\core</Filter>
    </ClInclude>
    <ClInclude Include="src\core\resourceManager.hpp">
      <Filter>头文件\core</Filter>
    </ClInclude>
    <ClInclude Include="src\core\windowSystem.hpp">
      <Filter>头文件\core</Filter>
    </ClInclude>
    <ClInclude Include="src\camera.hpp">
      <Filter>头文件</Filter>
    </ClInclude>
    <ClInclude Include="src\engine.hpp">
      <Filter>头文件</Filter>
    </ClInclude>
    <ClInclude Include="src\glBuffer.hpp">
      <Filter>头文件</Filter>
    </ClInclude>
    <ClInclude Include="src\input.hpp">
      <Filter>头文件</Filter>
    </ClInclude>
    <ClInclude Include="src\material.hpp">
      <Filter>头文件</Filter>
    </ClInclude>
    <ClInclude Include="src\mesh.hpp">
      <Filter>头文件</Filter>
    </ClInclude>
    <ClInclude Include="src\model.hpp">
      <Filter>头文件</Filter>
    </ClInclude>
    <ClInclude Include="src\texture.hpp">
      <Filter>头文件</Filter>
    </ClInclude>
    <ClInclude Include="src\shader.hpp">
      <Filter>头文件</Filter>
    </ClInclude>
    <ClInclude Include="src\core\guiSystem.hpp">
      <Filter>头文件\core</Filter>
    </ClInclude>
    <ClInclude Include="src\gameObject.hpp">
      <Filter>头文件</Filter>
    </ClInclude>
    <ClInclude Include="include\imgui\ImGuiFileDialogConfig.h">
      <Filter>源文件\thirdParty\imgui</Filter>
    </ClInclude>
    <ClInclude Include="include\imgui\ImGuiFileDialog.h">
      <Filter>源文件\thirdParty\imgui</Filter>
    </ClInclude>
    <ClInclude Include="src\component.hpp">
      <Filter>头文件</Filter>
    </ClInclude>
    <ClInclude Include="src\skybox.hpp">
      <Filter>头文件</Filter>
    </ClInclude>
    <ClInclude Include="src\meshGenerator.hpp">
      <Filter>头文件</Filter>
    </ClInclude>
    <ClInclude Include="src\utils.hpp">
      <Filter>头文件</Filter>
    </ClInclude>
    <ClInclude Include="src\bone.hpp">
      <Filter>头文件</Filter>
    </ClInclude>
    <ClInclude Include="src\animation.hpp">
      <Filter>头文件</Filter>
    </ClInclude>
    <ClInclude Include="src\assimpNode.hpp">
      <Filter>头文件</Filter>
    </ClInclude>
  </ItemGroup>
  <ItemGroup>
    <None Include="data\config.json">
      <Filter>资源文件</Filter>
    </None>
    <None Include="data\shader\test.vert">
      <Filter>资源文件\shader</Filter>
    </None>
    <None Include="data\shader\test.frag">
      <Filter>资源文件\shader</Filter>
    </None>
    <None Include="data\shader\skybox.vert">
      <Filter>资源文件\shader</Filter>
    </None>
    <None Include="data\shader\skybox.frag">
      <Filter>资源文件\shader</Filter>
    </None>
    <None Include="data\shader\settings.glsl">
      <Filter>资源文件\shader</Filter>
    </None>
    <None Include="data\shader\depth.vert">
      <Filter>资源文件\shader</Filter>
    </None>
    <None Include="data\shader\depth.frag">
      <Filter>资源文件\shader</Filter>
    </None>
    <None Include="data\shader\screenQuad.vert">
      <Filter>资源文件\shader</Filter>
    </None>
    <None Include="data\shader\screenQuad.frag">
      <Filter>资源文件\shader</Filter>
    </None>
    <None Include="data\shader\depthCube.vert">
      <Filter>资源文件\shader</Filter>
    </None>
    <None Include="data\shader\depthCube.geom">
      <Filter>资源文件\shader</Filter>
    </None>
    <None Include="data\shader\depthCube.frag">
      <Filter>资源文件\shader</Filter>
    </None>
    <None Include="data\shader\lightCube.vert">
      <Filter>资源文件\shader</Filter>
    </None>
    <None Include="data\shader\lightCube.frag">
      <Filter>资源文件\shader</Filter>
    </None>
    <None Include="data\shader\gaussianBlur.vert">
      <Filter>资源文件\shader</Filter>
    </None>
    <None Include="data\shader\gaussianBlur.frag">
      <Filter>资源文件\shader</Filter>
    </None>
    <None Include="readme.md">
      <Filter>资源文件</Filter>
    </None>
    <None Include="data\shader\bone.vert">
      <Filter>资源文件\shader</Filter>
    </None>
    <None Include="data\shader\bone.frag">
      <Filter>资源文件\shader</Filter>
    </None>
    <None Include=".gitignore">
      <Filter>资源文件</Filter>
    </None>
  </ItemGroup>
</Project>